// !$*UTF8*$!
{
	archiveVersion = 1;
	classes = {
	};
	objectVersion = 46;
	objects = {

/* Begin PBXBuildFile section */
		0A8C5B1A1E88A4D5009E959C /* AppDelegate.swift in Sources */ = {isa = PBXBuildFile; fileRef = 0A8C5B191E88A4D5009E959C /* AppDelegate.swift */; };
		0A8C5B1F1E88A4D5009E959C /* Main.storyboard in Resources */ = {isa = PBXBuildFile; fileRef = 0A8C5B1D1E88A4D5009E959C /* Main.storyboard */; };
		0A8C5B211E88A4D5009E959C /* Assets.xcassets in Resources */ = {isa = PBXBuildFile; fileRef = 0A8C5B201E88A4D5009E959C /* Assets.xcassets */; };
		0A8C5B241E88A4D5009E959C /* LaunchScreen.storyboard in Resources */ = {isa = PBXBuildFile; fileRef = 0A8C5B221E88A4D5009E959C /* LaunchScreen.storyboard */; };
		0A8C5B2F1E88A4D6009E959C /* ButtonMenuPopupTests.swift in Sources */ = {isa = PBXBuildFile; fileRef = 0A8C5B2E1E88A4D6009E959C /* ButtonMenuPopupTests.swift */; };
		0A8C5B3A1E88A4D6009E959C /* ButtonMenuPopupUITests.swift in Sources */ = {isa = PBXBuildFile; fileRef = 0A8C5B391E88A4D6009E959C /* ButtonMenuPopupUITests.swift */; };
		0A8C5B481E88A844009E959C /* ButtonMenuPopupViewController.swift in Sources */ = {isa = PBXBuildFile; fileRef = 0A8C5B471E88A844009E959C /* ButtonMenuPopupViewController.swift */; };
		0A8C5B4C1E88B5BA009E959C /* ButtonMenuPopupManager.swift in Sources */ = {isa = PBXBuildFile; fileRef = 0A8C5B4B1E88B5BA009E959C /* ButtonMenuPopupManager.swift */; };
		0A8C5B4E1E88B693009E959C /* UIView+extension.swift in Sources */ = {isa = PBXBuildFile; fileRef = 0A8C5B4D1E88B693009E959C /* UIView+extension.swift */; };
		0A8C5B501E88B7B4009E959C /* Presentables.swift in Sources */ = {isa = PBXBuildFile; fileRef = 0A8C5B4F1E88B7B4009E959C /* Presentables.swift */; };
		2E774DF0B22B34C336950302 /* Pods_ButtonMenuPopup.framework in Frameworks */ = {isa = PBXBuildFile; fileRef = 2B5DC4D0A264C1B78BB7FCC3 /* Pods_ButtonMenuPopup.framework */; };
		76BBCE1FB82D057372CC2AD6 /* Pods_ButtonMenuPopupUITests.framework in Frameworks */ = {isa = PBXBuildFile; fileRef = DBCC12365745A5E6B881DE86 /* Pods_ButtonMenuPopupUITests.framework */; };
		A1225C1A65506DA53A4A0E30 /* Pods_ButtonMenuPopupTests.framework in Frameworks */ = {isa = PBXBuildFile; fileRef = 05FBF2A4346A1D37CE9B9892 /* Pods_ButtonMenuPopupTests.framework */; };
/* End PBXBuildFile section */

/* Begin PBXContainerItemProxy section */
		0A8C5B2B1E88A4D6009E959C /* PBXContainerItemProxy */ = {
			isa = PBXContainerItemProxy;
			containerPortal = 0A8C5B0E1E88A4D5009E959C /* Project object */;
			proxyType = 1;
			remoteGlobalIDString = 0A8C5B151E88A4D5009E959C;
			remoteInfo = ButtonMenuPopup;
		};
		0A8C5B361E88A4D6009E959C /* PBXContainerItemProxy */ = {
			isa = PBXContainerItemProxy;
			containerPortal = 0A8C5B0E1E88A4D5009E959C /* Project object */;
			proxyType = 1;
			remoteGlobalIDString = 0A8C5B151E88A4D5009E959C;
			remoteInfo = ButtonMenuPopup;
		};
/* End PBXContainerItemProxy section */

/* Begin PBXFileReference section */
		05FBF2A4346A1D37CE9B9892 /* Pods_ButtonMenuPopupTests.framework */ = {isa = PBXFileReference; explicitFileType = wrapper.framework; includeInIndex = 0; path = Pods_ButtonMenuPopupTests.framework; sourceTree = BUILT_PRODUCTS_DIR; };
		0A8C5B161E88A4D5009E959C /* ButtonMenuPopup.app */ = {isa = PBXFileReference; explicitFileType = wrapper.application; includeInIndex = 0; path = ButtonMenuPopup.app; sourceTree = BUILT_PRODUCTS_DIR; };
		0A8C5B191E88A4D5009E959C /* AppDelegate.swift */ = {isa = PBXFileReference; lastKnownFileType = sourcecode.swift; path = AppDelegate.swift; sourceTree = "<group>"; };
		0A8C5B1E1E88A4D5009E959C /* Base */ = {isa = PBXFileReference; lastKnownFileType = file.storyboard; name = Base; path = Base.lproj/Main.storyboard; sourceTree = "<group>"; };
		0A8C5B201E88A4D5009E959C /* Assets.xcassets */ = {isa = PBXFileReference; lastKnownFileType = folder.assetcatalog; path = Assets.xcassets; sourceTree = "<group>"; };
		0A8C5B231E88A4D5009E959C /* Base */ = {isa = PBXFileReference; lastKnownFileType = file.storyboard; name = Base; path = Base.lproj/LaunchScreen.storyboard; sourceTree = "<group>"; };
		0A8C5B251E88A4D5009E959C /* Info.plist */ = {isa = PBXFileReference; lastKnownFileType = text.plist.xml; path = Info.plist; sourceTree = "<group>"; };
		0A8C5B2A1E88A4D6009E959C /* ButtonMenuPopupTests.xctest */ = {isa = PBXFileReference; explicitFileType = wrapper.cfbundle; includeInIndex = 0; path = ButtonMenuPopupTests.xctest; sourceTree = BUILT_PRODUCTS_DIR; };
		0A8C5B2E1E88A4D6009E959C /* ButtonMenuPopupTests.swift */ = {isa = PBXFileReference; lastKnownFileType = sourcecode.swift; path = ButtonMenuPopupTests.swift; sourceTree = "<group>"; };
		0A8C5B301E88A4D6009E959C /* Info.plist */ = {isa = PBXFileReference; lastKnownFileType = text.plist.xml; path = Info.plist; sourceTree = "<group>"; };
		0A8C5B351E88A4D6009E959C /* ButtonMenuPopupUITests.xctest */ = {isa = PBXFileReference; explicitFileType = wrapper.cfbundle; includeInIndex = 0; path = ButtonMenuPopupUITests.xctest; sourceTree = BUILT_PRODUCTS_DIR; };
		0A8C5B391E88A4D6009E959C /* ButtonMenuPopupUITests.swift */ = {isa = PBXFileReference; lastKnownFileType = sourcecode.swift; path = ButtonMenuPopupUITests.swift; sourceTree = "<group>"; };
		0A8C5B3B1E88A4D6009E959C /* Info.plist */ = {isa = PBXFileReference; lastKnownFileType = text.plist.xml; path = Info.plist; sourceTree = "<group>"; };
		0A8C5B471E88A844009E959C /* ButtonMenuPopupViewController.swift */ = {isa = PBXFileReference; fileEncoding = 4; lastKnownFileType = sourcecode.swift; path = ButtonMenuPopupViewController.swift; sourceTree = "<group>"; };
		0A8C5B4B1E88B5BA009E959C /* ButtonMenuPopupManager.swift */ = {isa = PBXFileReference; fileEncoding = 4; lastKnownFileType = sourcecode.swift; path = ButtonMenuPopupManager.swift; sourceTree = "<group>"; };
		0A8C5B4D1E88B693009E959C /* UIView+extension.swift */ = {isa = PBXFileReference; fileEncoding = 4; lastKnownFileType = sourcecode.swift; path = "UIView+extension.swift"; sourceTree = "<group>"; };
		0A8C5B4F1E88B7B4009E959C /* Presentables.swift */ = {isa = PBXFileReference; fileEncoding = 4; lastKnownFileType = sourcecode.swift; path = Presentables.swift; sourceTree = "<group>"; };
		2B5DC4D0A264C1B78BB7FCC3 /* Pods_ButtonMenuPopup.framework */ = {isa = PBXFileReference; explicitFileType = wrapper.framework; includeInIndex = 0; path = Pods_ButtonMenuPopup.framework; sourceTree = BUILT_PRODUCTS_DIR; };
		4849AA0257A5EB8D4FEAC1FC /* Pods-ButtonMenuPopupUITests.debug.xcconfig */ = {isa = PBXFileReference; includeInIndex = 1; lastKnownFileType = text.xcconfig; name = "Pods-ButtonMenuPopupUITests.debug.xcconfig"; path = "Pods/Target Support Files/Pods-ButtonMenuPopupUITests/Pods-ButtonMenuPopupUITests.debug.xcconfig"; sourceTree = "<group>"; };
		6C903B6F8DB262E9B5498812 /* Pods-ButtonMenuPopupUITests.release.xcconfig */ = {isa = PBXFileReference; includeInIndex = 1; lastKnownFileType = text.xcconfig; name = "Pods-ButtonMenuPopupUITests.release.xcconfig"; path = "Pods/Target Support Files/Pods-ButtonMenuPopupUITests/Pods-ButtonMenuPopupUITests.release.xcconfig"; sourceTree = "<group>"; };
		802B07BF60CFC13B0168BABE /* Pods-ButtonMenuPopup.release.xcconfig */ = {isa = PBXFileReference; includeInIndex = 1; lastKnownFileType = text.xcconfig; name = "Pods-ButtonMenuPopup.release.xcconfig"; path = "Pods/Target Support Files/Pods-ButtonMenuPopup/Pods-ButtonMenuPopup.release.xcconfig"; sourceTree = "<group>"; };
		84964E3E2FA2737AEF6FE2F5 /* Pods-ButtonMenuPopupTests.release.xcconfig */ = {isa = PBXFileReference; includeInIndex = 1; lastKnownFileType = text.xcconfig; name = "Pods-ButtonMenuPopupTests.release.xcconfig"; path = "Pods/Target Support Files/Pods-ButtonMenuPopupTests/Pods-ButtonMenuPopupTests.release.xcconfig"; sourceTree = "<group>"; };
		B0CE13AD0490C7C6A526914A /* Pods-ButtonMenuPopupTests.debug.xcconfig */ = {isa = PBXFileReference; includeInIndex = 1; lastKnownFileType = text.xcconfig; name = "Pods-ButtonMenuPopupTests.debug.xcconfig"; path = "Pods/Target Support Files/Pods-ButtonMenuPopupTests/Pods-ButtonMenuPopupTests.debug.xcconfig"; sourceTree = "<group>"; };
		DBCC12365745A5E6B881DE86 /* Pods_ButtonMenuPopupUITests.framework */ = {isa = PBXFileReference; explicitFileType = wrapper.framework; includeInIndex = 0; path = Pods_ButtonMenuPopupUITests.framework; sourceTree = BUILT_PRODUCTS_DIR; };
		F30DAC5451E36EDFB3F4973F /* Pods-ButtonMenuPopup.debug.xcconfig */ = {isa = PBXFileReference; includeInIndex = 1; lastKnownFileType = text.xcconfig; name = "Pods-ButtonMenuPopup.debug.xcconfig"; path = "Pods/Target Support Files/Pods-ButtonMenuPopup/Pods-ButtonMenuPopup.debug.xcconfig"; sourceTree = "<group>"; };
/* End PBXFileReference section */

/* Begin PBXFrameworksBuildPhase section */
		0A8C5B131E88A4D5009E959C /* Frameworks */ = {
			isa = PBXFrameworksBuildPhase;
			buildActionMask = 2147483647;
			files = (
				2E774DF0B22B34C336950302 /* Pods_ButtonMenuPopup.framework in Frameworks */,
			);
			runOnlyForDeploymentPostprocessing = 0;
		};
		0A8C5B271E88A4D6009E959C /* Frameworks */ = {
			isa = PBXFrameworksBuildPhase;
			buildActionMask = 2147483647;
			files = (
				A1225C1A65506DA53A4A0E30 /* Pods_ButtonMenuPopupTests.framework in Frameworks */,
			);
			runOnlyForDeploymentPostprocessing = 0;
		};
		0A8C5B321E88A4D6009E959C /* Frameworks */ = {
			isa = PBXFrameworksBuildPhase;
			buildActionMask = 2147483647;
			files = (
				76BBCE1FB82D057372CC2AD6 /* Pods_ButtonMenuPopupUITests.framework in Frameworks */,
			);
			runOnlyForDeploymentPostprocessing = 0;
		};
/* End PBXFrameworksBuildPhase section */

/* Begin PBXGroup section */
		0A8C5B0D1E88A4D5009E959C = {
			isa = PBXGroup;
			children = (
				0A8C5B181E88A4D5009E959C /* ButtonMenuPopup */,
				0A8C5B2D1E88A4D6009E959C /* ButtonMenuPopupTests */,
				0A8C5B381E88A4D6009E959C /* ButtonMenuPopupUITests */,
				0A8C5B171E88A4D5009E959C /* Products */,
				40FDCB968BE6EB1D34D8EEBF /* Pods */,
				8323A32F3EEA2005D8DDEFB3 /* Frameworks */,
			);
			sourceTree = "<group>";
		};
		0A8C5B171E88A4D5009E959C /* Products */ = {
			isa = PBXGroup;
			children = (
				0A8C5B161E88A4D5009E959C /* ButtonMenuPopup.app */,
				0A8C5B2A1E88A4D6009E959C /* ButtonMenuPopupTests.xctest */,
				0A8C5B351E88A4D6009E959C /* ButtonMenuPopupUITests.xctest */,
			);
			name = Products;
			sourceTree = "<group>";
		};
		0A8C5B181E88A4D5009E959C /* ButtonMenuPopup */ = {
			isa = PBXGroup;
			children = (
				0A8C5B191E88A4D5009E959C /* AppDelegate.swift */,
				0A8C5B1D1E88A4D5009E959C /* Main.storyboard */,
				0A8C5B201E88A4D5009E959C /* Assets.xcassets */,
				0A8C5B221E88A4D5009E959C /* LaunchScreen.storyboard */,
				0A8C5B251E88A4D5009E959C /* Info.plist */,
				0A8C5B471E88A844009E959C /* ButtonMenuPopupViewController.swift */,
				0A8C5B4B1E88B5BA009E959C /* ButtonMenuPopupManager.swift */,
				0A8C5B4D1E88B693009E959C /* UIView+extension.swift */,
				0A8C5B4F1E88B7B4009E959C /* Presentables.swift */,
			);
			path = ButtonMenuPopup;
			sourceTree = "<group>";
		};
		0A8C5B2D1E88A4D6009E959C /* ButtonMenuPopupTests */ = {
			isa = PBXGroup;
			children = (
				0A8C5B2E1E88A4D6009E959C /* ButtonMenuPopupTests.swift */,
				0A8C5B301E88A4D6009E959C /* Info.plist */,
			);
			path = ButtonMenuPopupTests;
			sourceTree = "<group>";
		};
		0A8C5B381E88A4D6009E959C /* ButtonMenuPopupUITests */ = {
			isa = PBXGroup;
			children = (
				0A8C5B391E88A4D6009E959C /* ButtonMenuPopupUITests.swift */,
				0A8C5B3B1E88A4D6009E959C /* Info.plist */,
			);
			path = ButtonMenuPopupUITests;
			sourceTree = "<group>";
		};
		40FDCB968BE6EB1D34D8EEBF /* Pods */ = {
			isa = PBXGroup;
			children = (
				F30DAC5451E36EDFB3F4973F /* Pods-ButtonMenuPopup.debug.xcconfig */,
				802B07BF60CFC13B0168BABE /* Pods-ButtonMenuPopup.release.xcconfig */,
				B0CE13AD0490C7C6A526914A /* Pods-ButtonMenuPopupTests.debug.xcconfig */,
				84964E3E2FA2737AEF6FE2F5 /* Pods-ButtonMenuPopupTests.release.xcconfig */,
				4849AA0257A5EB8D4FEAC1FC /* Pods-ButtonMenuPopupUITests.debug.xcconfig */,
				6C903B6F8DB262E9B5498812 /* Pods-ButtonMenuPopupUITests.release.xcconfig */,
			);
			name = Pods;
			sourceTree = "<group>";
		};
		8323A32F3EEA2005D8DDEFB3 /* Frameworks */ = {
			isa = PBXGroup;
			children = (
				2B5DC4D0A264C1B78BB7FCC3 /* Pods_ButtonMenuPopup.framework */,
				05FBF2A4346A1D37CE9B9892 /* Pods_ButtonMenuPopupTests.framework */,
				DBCC12365745A5E6B881DE86 /* Pods_ButtonMenuPopupUITests.framework */,
			);
			name = Frameworks;
			sourceTree = "<group>";
		};
/* End PBXGroup section */

/* Begin PBXNativeTarget section */
		0A8C5B151E88A4D5009E959C /* ButtonMenuPopup */ = {
			isa = PBXNativeTarget;
			buildConfigurationList = 0A8C5B3E1E88A4D6009E959C /* Build configuration list for PBXNativeTarget "ButtonMenuPopup" */;
			buildPhases = (
				428921A61DB648BD1E23A483 /* [CP] Check Pods Manifest.lock */,
				0A8C5B121E88A4D5009E959C /* Sources */,
				0A8C5B131E88A4D5009E959C /* Frameworks */,
				0A8C5B141E88A4D5009E959C /* Resources */,
				F2E9104D241689D6C2C6E723 /* [CP] Embed Pods Frameworks */,
				88E387F209FE2175005FA706 /* [CP] Copy Pods Resources */,
			);
			buildRules = (
			);
			dependencies = (
			);
			name = ButtonMenuPopup;
			productName = ButtonMenuPopup;
			productReference = 0A8C5B161E88A4D5009E959C /* ButtonMenuPopup.app */;
			productType = "com.apple.product-type.application";
		};
		0A8C5B291E88A4D6009E959C /* ButtonMenuPopupTests */ = {
			isa = PBXNativeTarget;
			buildConfigurationList = 0A8C5B411E88A4D6009E959C /* Build configuration list for PBXNativeTarget "ButtonMenuPopupTests" */;
			buildPhases = (
				0888457245A1AE1937280D64 /* [CP] Check Pods Manifest.lock */,
				0A8C5B261E88A4D6009E959C /* Sources */,
				0A8C5B271E88A4D6009E959C /* Frameworks */,
				0A8C5B281E88A4D6009E959C /* Resources */,
				7902BBE08069BE9956CE70F0 /* [CP] Embed Pods Frameworks */,
				781790BD3B54D4AEF9EB492B /* [CP] Copy Pods Resources */,
			);
			buildRules = (
			);
			dependencies = (
				0A8C5B2C1E88A4D6009E959C /* PBXTargetDependency */,
			);
			name = ButtonMenuPopupTests;
			productName = ButtonMenuPopupTests;
			productReference = 0A8C5B2A1E88A4D6009E959C /* ButtonMenuPopupTests.xctest */;
			productType = "com.apple.product-type.bundle.unit-test";
		};
		0A8C5B341E88A4D6009E959C /* ButtonMenuPopupUITests */ = {
			isa = PBXNativeTarget;
			buildConfigurationList = 0A8C5B441E88A4D6009E959C /* Build configuration list for PBXNativeTarget "ButtonMenuPopupUITests" */;
			buildPhases = (
				6E11BFEE35EEB223B8EBF468 /* [CP] Check Pods Manifest.lock */,
				0A8C5B311E88A4D6009E959C /* Sources */,
				0A8C5B321E88A4D6009E959C /* Frameworks */,
				0A8C5B331E88A4D6009E959C /* Resources */,
				82A72167EB56F714AABDB4B4 /* [CP] Embed Pods Frameworks */,
				4D9C10CAC7B5AC3932DF27B5 /* [CP] Copy Pods Resources */,
			);
			buildRules = (
			);
			dependencies = (
				0A8C5B371E88A4D6009E959C /* PBXTargetDependency */,
			);
			name = ButtonMenuPopupUITests;
			productName = ButtonMenuPopupUITests;
			productReference = 0A8C5B351E88A4D6009E959C /* ButtonMenuPopupUITests.xctest */;
			productType = "com.apple.product-type.bundle.ui-testing";
		};
/* End PBXNativeTarget section */

/* Begin PBXProject section */
		0A8C5B0E1E88A4D5009E959C /* Project object */ = {
			isa = PBXProject;
			attributes = {
				LastSwiftUpdateCheck = 0820;
				LastUpgradeCheck = 0820;
				ORGANIZATIONNAME = DavidJinHan;
				TargetAttributes = {
					0A8C5B151E88A4D5009E959C = {
						CreatedOnToolsVersion = 8.2.1;
						ProvisioningStyle = Automatic;
					};
					0A8C5B291E88A4D6009E959C = {
						CreatedOnToolsVersion = 8.2.1;
						ProvisioningStyle = Automatic;
						TestTargetID = 0A8C5B151E88A4D5009E959C;
					};
					0A8C5B341E88A4D6009E959C = {
						CreatedOnToolsVersion = 8.2.1;
						ProvisioningStyle = Automatic;
						TestTargetID = 0A8C5B151E88A4D5009E959C;
					};
				};
			};
			buildConfigurationList = 0A8C5B111E88A4D5009E959C /* Build configuration list for PBXProject "ButtonMenuPopup" */;
			compatibilityVersion = "Xcode 3.2";
			developmentRegion = English;
			hasScannedForEncodings = 0;
			knownRegions = (
				en,
				Base,
			);
			mainGroup = 0A8C5B0D1E88A4D5009E959C;
			productRefGroup = 0A8C5B171E88A4D5009E959C /* Products */;
			projectDirPath = "";
			projectRoot = "";
			targets = (
				0A8C5B151E88A4D5009E959C /* ButtonMenuPopup */,
				0A8C5B291E88A4D6009E959C /* ButtonMenuPopupTests */,
				0A8C5B341E88A4D6009E959C /* ButtonMenuPopupUITests */,
			);
		};
/* End PBXProject section */

/* Begin PBXResourcesBuildPhase section */
		0A8C5B141E88A4D5009E959C /* Resources */ = {
			isa = PBXResourcesBuildPhase;
			buildActionMask = 2147483647;
			files = (
				0A8C5B241E88A4D5009E959C /* LaunchScreen.storyboard in Resources */,
				0A8C5B211E88A4D5009E959C /* Assets.xcassets in Resources */,
				0A8C5B1F1E88A4D5009E959C /* Main.storyboard in Resources */,
			);
			runOnlyForDeploymentPostprocessing = 0;
		};
		0A8C5B281E88A4D6009E959C /* Resources */ = {
			isa = PBXResourcesBuildPhase;
			buildActionMask = 2147483647;
			files = (
			);
			runOnlyForDeploymentPostprocessing = 0;
		};
		0A8C5B331E88A4D6009E959C /* Resources */ = {
			isa = PBXResourcesBuildPhase;
			buildActionMask = 2147483647;
			files = (
			);
			runOnlyForDeploymentPostprocessing = 0;
		};
/* End PBXResourcesBuildPhase section */

/* Begin PBXShellScriptBuildPhase section */
		0888457245A1AE1937280D64 /* [CP] Check Pods Manifest.lock */ = {
			isa = PBXShellScriptBuildPhase;
			buildActionMask = 2147483647;
			files = (
			);
			inputPaths = (
			);
			name = "[CP] Check Pods Manifest.lock";
			outputPaths = (
			);
			runOnlyForDeploymentPostprocessing = 0;
			shellPath = /bin/sh;
			shellScript = "diff \"${PODS_ROOT}/../Podfile.lock\" \"${PODS_ROOT}/Manifest.lock\" > /dev/null\nif [ $? != 0 ] ; then\n    # print error to STDERR\n    echo \"error: The sandbox is not in sync with the Podfile.lock. Run 'pod install' or update your CocoaPods installation.\" >&2\n    exit 1\nfi\n";
			showEnvVarsInLog = 0;
		};
		428921A61DB648BD1E23A483 /* [CP] Check Pods Manifest.lock */ = {
			isa = PBXShellScriptBuildPhase;
			buildActionMask = 2147483647;
			files = (
			);
			inputPaths = (
			);
			name = "[CP] Check Pods Manifest.lock";
			outputPaths = (
			);
			runOnlyForDeploymentPostprocessing = 0;
			shellPath = /bin/sh;
			shellScript = "diff \"${PODS_ROOT}/../Podfile.lock\" \"${PODS_ROOT}/Manifest.lock\" > /dev/null\nif [ $? != 0 ] ; then\n    # print error to STDERR\n    echo \"error: The sandbox is not in sync with the Podfile.lock. Run 'pod install' or update your CocoaPods installation.\" >&2\n    exit 1\nfi\n";
			showEnvVarsInLog = 0;
		};
		4D9C10CAC7B5AC3932DF27B5 /* [CP] Copy Pods Resources */ = {
			isa = PBXShellScriptBuildPhase;
			buildActionMask = 2147483647;
			files = (
			);
			inputPaths = (
			);
			name = "[CP] Copy Pods Resources";
			outputPaths = (
			);
			runOnlyForDeploymentPostprocessing = 0;
			shellPath = /bin/sh;
			shellScript = "\"${SRCROOT}/Pods/Target Support Files/Pods-ButtonMenuPopupUITests/Pods-ButtonMenuPopupUITests-resources.sh\"\n";
			showEnvVarsInLog = 0;
		};
		6E11BFEE35EEB223B8EBF468 /* [CP] Check Pods Manifest.lock */ = {
			isa = PBXShellScriptBuildPhase;
			buildActionMask = 2147483647;
			files = (
			);
			inputPaths = (
			);
			name = "[CP] Check Pods Manifest.lock";
			outputPaths = (
			);
			runOnlyForDeploymentPostprocessing = 0;
			shellPath = /bin/sh;
			shellScript = "diff \"${PODS_ROOT}/../Podfile.lock\" \"${PODS_ROOT}/Manifest.lock\" > /dev/null\nif [ $? != 0 ] ; then\n    # print error to STDERR\n    echo \"error: The sandbox is not in sync with the Podfile.lock. Run 'pod install' or update your CocoaPods installation.\" >&2\n    exit 1\nfi\n";
			showEnvVarsInLog = 0;
		};
		781790BD3B54D4AEF9EB492B /* [CP] Copy Pods Resources */ = {
			isa = PBXShellScriptBuildPhase;
			buildActionMask = 2147483647;
			files = (
			);
			inputPaths = (
			);
			name = "[CP] Copy Pods Resources";
			outputPaths = (
			);
			runOnlyForDeploymentPostprocessing = 0;
			shellPath = /bin/sh;
			shellScript = "\"${SRCROOT}/Pods/Target Support Files/Pods-ButtonMenuPopupTests/Pods-ButtonMenuPopupTests-resources.sh\"\n";
			showEnvVarsInLog = 0;
		};
		7902BBE08069BE9956CE70F0 /* [CP] Embed Pods Frameworks */ = {
			isa = PBXShellScriptBuildPhase;
			buildActionMask = 2147483647;
			files = (
			);
			inputPaths = (
			);
			name = "[CP] Embed Pods Frameworks";
			outputPaths = (
			);
			runOnlyForDeploymentPostprocessing = 0;
			shellPath = /bin/sh;
			shellScript = "\"${SRCROOT}/Pods/Target Support Files/Pods-ButtonMenuPopupTests/Pods-ButtonMenuPopupTests-frameworks.sh\"\n";
			showEnvVarsInLog = 0;
		};
		82A72167EB56F714AABDB4B4 /* [CP] Embed Pods Frameworks */ = {
			isa = PBXShellScriptBuildPhase;
			buildActionMask = 2147483647;
			files = (
			);
			inputPaths = (
			);
			name = "[CP] Embed Pods Frameworks";
			outputPaths = (
			);
			runOnlyForDeploymentPostprocessing = 0;
			shellPath = /bin/sh;
			shellScript = "\"${SRCROOT}/Pods/Target Support Files/Pods-ButtonMenuPopupUITests/Pods-ButtonMenuPopupUITests-frameworks.sh\"\n";
			showEnvVarsInLog = 0;
		};
		88E387F209FE2175005FA706 /* [CP] Copy Pods Resources */ = {
			isa = PBXShellScriptBuildPhase;
			buildActionMask = 2147483647;
			files = (
			);
			inputPaths = (
			);
			name = "[CP] Copy Pods Resources";
			outputPaths = (
			);
			runOnlyForDeploymentPostprocessing = 0;
			shellPath = /bin/sh;
			shellScript = "\"${SRCROOT}/Pods/Target Support Files/Pods-ButtonMenuPopup/Pods-ButtonMenuPopup-resources.sh\"\n";
			showEnvVarsInLog = 0;
		};
		F2E9104D241689D6C2C6E723 /* [CP] Embed Pods Frameworks */ = {
			isa = PBXShellScriptBuildPhase;
			buildActionMask = 2147483647;
			files = (
			);
			inputPaths = (
			);
			name = "[CP] Embed Pods Frameworks";
			outputPaths = (
			);
			runOnlyForDeploymentPostprocessing = 0;
			shellPath = /bin/sh;
			shellScript = "\"${SRCROOT}/Pods/Target Support Files/Pods-ButtonMenuPopup/Pods-ButtonMenuPopup-frameworks.sh\"\n";
			showEnvVarsInLog = 0;
		};
/* End PBXShellScriptBuildPhase section */

/* Begin PBXSourcesBuildPhase section */
		0A8C5B121E88A4D5009E959C /* Sources */ = {
			isa = PBXSourcesBuildPhase;
			buildActionMask = 2147483647;
			files = (
				0A8C5B4C1E88B5BA009E959C /* ButtonMenuPopupManager.swift in Sources */,
				0A8C5B481E88A844009E959C /* ButtonMenuPopupViewController.swift in Sources */,
				0A8C5B501E88B7B4009E959C /* Presentables.swift in Sources */,
				0A8C5B4E1E88B693009E959C /* UIView+extension.swift in Sources */,
				0A8C5B1A1E88A4D5009E959C /* AppDelegate.swift in Sources */,
			);
			runOnlyForDeploymentPostprocessing = 0;
		};
		0A8C5B261E88A4D6009E959C /* Sources */ = {
			isa = PBXSourcesBuildPhase;
			buildActionMask = 2147483647;
			files = (
				0A8C5B2F1E88A4D6009E959C /* ButtonMenuPopupTests.swift in Sources */,
			);
			runOnlyForDeploymentPostprocessing = 0;
		};
		0A8C5B311E88A4D6009E959C /* Sources */ = {
			isa = PBXSourcesBuildPhase;
			buildActionMask = 2147483647;
			files = (
				0A8C5B3A1E88A4D6009E959C /* ButtonMenuPopupUITests.swift in Sources */,
			);
			runOnlyForDeploymentPostprocessing = 0;
		};
/* End PBXSourcesBuildPhase section */

/* Begin PBXTargetDependency section */
		0A8C5B2C1E88A4D6009E959C /* PBXTargetDependency */ = {
			isa = PBXTargetDependency;
			target = 0A8C5B151E88A4D5009E959C /* ButtonMenuPopup */;
			targetProxy = 0A8C5B2B1E88A4D6009E959C /* PBXContainerItemProxy */;
		};
		0A8C5B371E88A4D6009E959C /* PBXTargetDependency */ = {
			isa = PBXTargetDependency;
			target = 0A8C5B151E88A4D5009E959C /* ButtonMenuPopup */;
			targetProxy = 0A8C5B361E88A4D6009E959C /* PBXContainerItemProxy */;
		};
/* End PBXTargetDependency section */

/* Begin PBXVariantGroup section */
		0A8C5B1D1E88A4D5009E959C /* Main.storyboard */ = {
			isa = PBXVariantGroup;
			children = (
				0A8C5B1E1E88A4D5009E959C /* Base */,
			);
			name = Main.storyboard;
			sourceTree = "<group>";
		};
		0A8C5B221E88A4D5009E959C /* LaunchScreen.storyboard */ = {
			isa = PBXVariantGroup;
			children = (
				0A8C5B231E88A4D5009E959C /* Base */,
			);
			name = LaunchScreen.storyboard;
			sourceTree = "<group>";
		};
/* End PBXVariantGroup section */

/* Begin XCBuildConfiguration section */
		0A8C5B3C1E88A4D6009E959C /* Debug */ = {
			isa = XCBuildConfiguration;
			buildSettings = {
				ALWAYS_SEARCH_USER_PATHS = NO;
				CLANG_ANALYZER_NONNULL = YES;
				CLANG_CXX_LANGUAGE_STANDARD = "gnu++0x";
				CLANG_CXX_LIBRARY = "libc++";
				CLANG_ENABLE_MODULES = YES;
				CLANG_ENABLE_OBJC_ARC = YES;
				CLANG_WARN_BOOL_CONVERSION = YES;
				CLANG_WARN_CONSTANT_CONVERSION = YES;
				CLANG_WARN_DIRECT_OBJC_ISA_USAGE = YES_ERROR;
				CLANG_WARN_DOCUMENTATION_COMMENTS = YES;
				CLANG_WARN_EMPTY_BODY = YES;
				CLANG_WARN_ENUM_CONVERSION = YES;
				CLANG_WARN_INFINITE_RECURSION = YES;
				CLANG_WARN_INT_CONVERSION = YES;
				CLANG_WARN_OBJC_ROOT_CLASS = YES_ERROR;
				CLANG_WARN_SUSPICIOUS_MOVE = YES;
				CLANG_WARN_UNREACHABLE_CODE = YES;
				CLANG_WARN__DUPLICATE_METHOD_MATCH = YES;
				"CODE_SIGN_IDENTITY[sdk=iphoneos*]" = "iPhone Developer";
				COPY_PHASE_STRIP = NO;
				DEBUG_INFORMATION_FORMAT = dwarf;
				ENABLE_STRICT_OBJC_MSGSEND = YES;
				ENABLE_TESTABILITY = YES;
				GCC_C_LANGUAGE_STANDARD = gnu99;
				GCC_DYNAMIC_NO_PIC = NO;
				GCC_NO_COMMON_BLOCKS = YES;
				GCC_OPTIMIZATION_LEVEL = 0;
				GCC_PREPROCESSOR_DEFINITIONS = (
					"DEBUG=1",
					"$(inherited)",
				);
				GCC_WARN_64_TO_32_BIT_CONVERSION = YES;
				GCC_WARN_ABOUT_RETURN_TYPE = YES_ERROR;
				GCC_WARN_UNDECLARED_SELECTOR = YES;
				GCC_WARN_UNINITIALIZED_AUTOS = YES_AGGRESSIVE;
				GCC_WARN_UNUSED_FUNCTION = YES;
				GCC_WARN_UNUSED_VARIABLE = YES;
				IPHONEOS_DEPLOYMENT_TARGET = 10.2;
				MTL_ENABLE_DEBUG_INFO = YES;
				ONLY_ACTIVE_ARCH = YES;
				SDKROOT = iphoneos;
				SWIFT_ACTIVE_COMPILATION_CONDITIONS = DEBUG;
				SWIFT_OPTIMIZATION_LEVEL = "-Onone";
			};
			name = Debug;
		};
		0A8C5B3D1E88A4D6009E959C /* Release */ = {
			isa = XCBuildConfiguration;
			buildSettings = {
				ALWAYS_SEARCH_USER_PATHS = NO;
				CLANG_ANALYZER_NONNULL = YES;
				CLANG_CXX_LANGUAGE_STANDARD = "gnu++0x";
				CLANG_CXX_LIBRARY = "libc++";
				CLANG_ENABLE_MODULES = YES;
				CLANG_ENABLE_OBJC_ARC = YES;
				CLANG_WARN_BOOL_CONVERSION = YES;
				CLANG_WARN_CONSTANT_CONVERSION = YES;
				CLANG_WARN_DIRECT_OBJC_ISA_USAGE = YES_ERROR;
				CLANG_WARN_DOCUMENTATION_COMMENTS = YES;
				CLANG_WARN_EMPTY_BODY = YES;
				CLANG_WARN_ENUM_CONVERSION = YES;
				CLANG_WARN_INFINITE_RECURSION = YES;
				CLANG_WARN_INT_CONVERSION = YES;
				CLANG_WARN_OBJC_ROOT_CLASS = YES_ERROR;
				CLANG_WARN_SUSPICIOUS_MOVE = YES;
				CLANG_WARN_UNREACHABLE_CODE = YES;
				CLANG_WARN__DUPLICATE_METHOD_MATCH = YES;
				"CODE_SIGN_IDENTITY[sdk=iphoneos*]" = "iPhone Developer";
				COPY_PHASE_STRIP = NO;
				DEBUG_INFORMATION_FORMAT = "dwarf-with-dsym";
				ENABLE_NS_ASSERTIONS = NO;
				ENABLE_STRICT_OBJC_MSGSEND = YES;
				GCC_C_LANGUAGE_STANDARD = gnu99;
				GCC_NO_COMMON_BLOCKS = YES;
				GCC_WARN_64_TO_32_BIT_CONVERSION = YES;
				GCC_WARN_ABOUT_RETURN_TYPE = YES_ERROR;
				GCC_WARN_UNDECLARED_SELECTOR = YES;
				GCC_WARN_UNINITIALIZED_AUTOS = YES_AGGRESSIVE;
				GCC_WARN_UNUSED_FUNCTION = YES;
				GCC_WARN_UNUSED_VARIABLE = YES;
				IPHONEOS_DEPLOYMENT_TARGET = 10.2;
				MTL_ENABLE_DEBUG_INFO = NO;
				SDKROOT = iphoneos;
				SWIFT_OPTIMIZATION_LEVEL = "-Owholemodule";
				VALIDATE_PRODUCT = YES;
			};
			name = Release;
		};
		0A8C5B3F1E88A4D6009E959C /* Debug */ = {
			isa = XCBuildConfiguration;
			baseConfigurationReference = F30DAC5451E36EDFB3F4973F /* Pods-ButtonMenuPopup.debug.xcconfig */;
			buildSettings = {
				ASSETCATALOG_COMPILER_APPICON_NAME = AppIcon;
				INFOPLIST_FILE = ButtonMenuPopup/Info.plist;
				LD_RUNPATH_SEARCH_PATHS = "$(inherited) @executable_path/Frameworks";
				PRODUCT_BUNDLE_IDENTIFIER = com.davidjinhan.app.ButtonMenuPopup;
				PRODUCT_NAME = "$(TARGET_NAME)";
				SWIFT_VERSION = 3.0;
			};
			name = Debug;
		};
		0A8C5B401E88A4D6009E959C /* Release */ = {
			isa = XCBuildConfiguration;
			baseConfigurationReference = 802B07BF60CFC13B0168BABE /* Pods-ButtonMenuPopup.release.xcconfig */;
			buildSettings = {
				ASSETCATALOG_COMPILER_APPICON_NAME = AppIcon;
				INFOPLIST_FILE = ButtonMenuPopup/Info.plist;
				LD_RUNPATH_SEARCH_PATHS = "$(inherited) @executable_path/Frameworks";
				PRODUCT_BUNDLE_IDENTIFIER = com.davidjinhan.app.ButtonMenuPopup;
				PRODUCT_NAME = "$(TARGET_NAME)";
				SWIFT_VERSION = 3.0;
			};
			name = Release;
		};
		0A8C5B421E88A4D6009E959C /* Debug */ = {
			isa = XCBuildConfiguration;
			baseConfigurationReference = B0CE13AD0490C7C6A526914A /* Pods-ButtonMenuPopupTests.debug.xcconfig */;
			buildSettings = {
				ALWAYS_EMBED_SWIFT_STANDARD_LIBRARIES = YES;
				BUNDLE_LOADER = "$(TEST_HOST)";
				INFOPLIST_FILE = ButtonMenuPopupTests/Info.plist;
				LD_RUNPATH_SEARCH_PATHS = "$(inherited) @executable_path/Frameworks @loader_path/Frameworks";
				PRODUCT_BUNDLE_IDENTIFIER = com.davidjinhan.app.ButtonMenuPopupTests;
				PRODUCT_NAME = "$(TARGET_NAME)";
				SWIFT_VERSION = 3.0;
				TEST_HOST = "$(BUILT_PRODUCTS_DIR)/ButtonMenuPopup.app/ButtonMenuPopup";
			};
			name = Debug;
		};
		0A8C5B431E88A4D6009E959C /* Release */ = {
			isa = XCBuildConfiguration;
			baseConfigurationReference = 84964E3E2FA2737AEF6FE2F5 /* Pods-ButtonMenuPopupTests.release.xcconfig */;
			buildSettings = {
				ALWAYS_EMBED_SWIFT_STANDARD_LIBRARIES = YES;
				BUNDLE_LOADER = "$(TEST_HOST)";
				INFOPLIST_FILE = ButtonMenuPopupTests/Info.plist;
				LD_RUNPATH_SEARCH_PATHS = "$(inherited) @executable_path/Frameworks @loader_path/Frameworks";
				PRODUCT_BUNDLE_IDENTIFIER = com.davidjinhan.app.ButtonMenuPopupTests;
				PRODUCT_NAME = "$(TARGET_NAME)";
				SWIFT_VERSION = 3.0;
				TEST_HOST = "$(BUILT_PRODUCTS_DIR)/ButtonMenuPopup.app/ButtonMenuPopup";
			};
			name = Release;
		};
		0A8C5B451E88A4D6009E959C /* Debug */ = {
			isa = XCBuildConfiguration;
			baseConfigurationReference = 4849AA0257A5EB8D4FEAC1FC /* Pods-ButtonMenuPopupUITests.debug.xcconfig */;
			buildSettings = {
				ALWAYS_EMBED_SWIFT_STANDARD_LIBRARIES = YES;
				INFOPLIST_FILE = ButtonMenuPopupUITests/Info.plist;
				LD_RUNPATH_SEARCH_PATHS = "$(inherited) @executable_path/Frameworks @loader_path/Frameworks";
				PRODUCT_BUNDLE_IDENTIFIER = com.davidjinhan.app.ButtonMenuPopupUITests;
				PRODUCT_NAME = "$(TARGET_NAME)";
				SWIFT_VERSION = 3.0;
				TEST_TARGET_NAME = ButtonMenuPopup;
			};
			name = Debug;
		};
		0A8C5B461E88A4D6009E959C /* Release */ = {
			isa = XCBuildConfiguration;
			baseConfigurationReference = 6C903B6F8DB262E9B5498812 /* Pods-ButtonMenuPopupUITests.release.xcconfig */;
			buildSettings = {
				ALWAYS_EMBED_SWIFT_STANDARD_LIBRARIES = YES;
				INFOPLIST_FILE = ButtonMenuPopupUITests/Info.plist;
				LD_RUNPATH_SEARCH_PATHS = "$(inherited) @executable_path/Frameworks @loader_path/Frameworks";
				PRODUCT_BUNDLE_IDENTIFIER = com.davidjinhan.app.ButtonMenuPopupUITests;
				PRODUCT_NAME = "$(TARGET_NAME)";
				SWIFT_VERSION = 3.0;
				TEST_TARGET_NAME = ButtonMenuPopup;
			};
			name = Release;
		};
/* End XCBuildConfiguration section */

/* Begin XCConfigurationList section */
		0A8C5B111E88A4D5009E959C /* Build configuration list for PBXProject "ButtonMenuPopup" */ = {
			isa = XCConfigurationList;
			buildConfigurations = (
				0A8C5B3C1E88A4D6009E959C /* Debug */,
				0A8C5B3D1E88A4D6009E959C /* Release */,
			);
			defaultConfigurationIsVisible = 0;
			defaultConfigurationName = Release;
		};
		0A8C5B3E1E88A4D6009E959C /* Build configuration list for PBXNativeTarget "ButtonMenuPopup" */ = {
			isa = XCConfigurationList;
			buildConfigurations = (
				0A8C5B3F1E88A4D6009E959C /* Debug */,
				0A8C5B401E88A4D6009E959C /* Release */,
			);
			defaultConfigurationIsVisible = 0;
			defaultConfigurationName = Release;
		};
		0A8C5B411E88A4D6009E959C /* Build configuration list for PBXNativeTarget "ButtonMenuPopupTests" */ = {
			isa = XCConfigurationList;
			buildConfigurations = (
				0A8C5B421E88A4D6009E959C /* Debug */,
				0A8C5B431E88A4D6009E959C /* Release */,
			);
			defaultConfigurationIsVisible = 0;
			defaultConfigurationName = Release;
		};
		0A8C5B441E88A4D6009E959C /* Build configuration list for PBXNativeTarget "ButtonMenuPopupUITests" */ = {
			isa = XCConfigurationList;
			buildConfigurations = (
				0A8C5B451E88A4D6009E959C /* Debug */,
				0A8C5B461E88A4D6009E959C /* Release */,
			);
			defaultConfigurationIsVisible = 0;
			defaultConfigurationName = Release;
		};
/* End XCConfigurationList section */
	};
	rootObject = 0A8C5B0E1E88A4D5009E959C /* Project object */;
}
